
Microsoft Visual Studio Solution File, Format Version 12.00
# Visual Studio 15
VisualStudioVersion = 15.0.27703.2035
MinimumVisualStudioVersion = 10.0.40219.1
Project("{FAE04EC0-301F-11D3-BF4B-00C04F79EFBC}") = "TinyUniversity", "TinyUniversity\TinyUniversity.csproj", "{0100890A-2E36-448B-A1E3-2A4889CF5736}"
EndProject
Global
	GlobalSection(SolutionConfigurationPlatforms) = preSolution
		Debug|Any CPU = Debug|Any CPU
		Release|Any CPU = Release|Any CPU
	EndGlobalSection
	GlobalSection(ProjectConfigurationPlatforms) = postSolution
		{0100890A-2E36-448B-A1E3-2A4889CF5736}.Debug|Any CPU.ActiveCfg = Debug|Any CPU
		{0100890A-2E36-448B-A1E3-2A4889CF5736}.Debug|Any CPU.Build.0 = Debug|Any CPU
		{0100890A-2E36-448B-A1E3-2A4889CF5736}.Release|Any CPU.ActiveCfg = Release|Any CPU
		{0100890A-2E36-448B-A1E3-2A4889CF5736}.Release|Any CPU.Build.0 = Release|Any CPU
	EndGlobalSection
	GlobalSection(SolutionProperties) = preSolution
		HideSolutionNode = FALSE
	EndGlobalSection
	GlobalSection(ExtensibilityGlobals) = postSolution
		SolutionGuid = {9918FD67-9AC1-4292-A22A-906531468759}
	EndGlobalSection
EndGlobal
